
Microsoft Visual Studio Solution File, Format Version 12.00
# Visual Studio Version 16
VisualStudioVersion = 16.0.33130.400
MinimumVisualStudioVersion = 10.0.40219.1
Project("{9A19103F-16F7-4668-BE54-9A1E7A4F7556}") = "BookGroup", "BookGroup\BookGroup.csproj", "{6DE7BBA3-CB27-41AF-BE00-4D97B1D235B6}"
EndProject
Global
	GlobalSection(SolutionConfigurationPlatforms) = preSolution
		Debug|Any CPU = Debug|Any CPU
		Release|Any CPU = Release|Any CPU
	EndGlobalSection
	GlobalSection(ProjectConfigurationPlatforms) = postSolution
		{6DE7BBA3-CB27-41AF-BE00-4D97B1D235B6}.Debug|Any CPU.ActiveCfg = Debug|Any CPU
		{6DE7BBA3-CB27-41AF-BE00-4D97B1D235B6}.Debug|Any CPU.Build.0 = Debug|Any CPU
		{6DE7BBA3-CB27-41AF-BE00-4D97B1D235B6}.Release|Any CPU.ActiveCfg = Release|Any CPU
		{6DE7BBA3-CB27-41AF-BE00-4D97B1D235B6}.Release|Any CPU.Build.0 = Release|Any CPU
	EndGlobalSection
	GlobalSection(SolutionProperties) = preSolution
		HideSolutionNode = FALSE
	EndGlobalSection
	GlobalSection(ExtensibilityGlobals) = postSolution
		SolutionGuid = {F7109E05-F467-4984-BD4B-0D1FCA2932A0}
	EndGlobalSection
EndGlobal
